// !$*UTF8*$!
{
	archiveVersion = 1;
	classes = {
	};
	objectVersion = 50;
	objects = {

/* Begin PBXBuildFile section */
		5435786727061084001893DF /* AppDelegate.swift in Sources */ = {isa = PBXBuildFile; fileRef = 5435786627061084001893DF /* AppDelegate.swift */; };
		5435786927061084001893DF /* SceneDelegate.swift in Sources */ = {isa = PBXBuildFile; fileRef = 5435786827061084001893DF /* SceneDelegate.swift */; };
		5435786B27061084001893DF /* ViewController.swift in Sources */ = {isa = PBXBuildFile; fileRef = 5435786A27061084001893DF /* ViewController.swift */; };
		5435786E27061084001893DF /* Main.storyboard in Resources */ = {isa = PBXBuildFile; fileRef = 5435786C27061084001893DF /* Main.storyboard */; };
		5435787027061087001893DF /* Assets.xcassets in Resources */ = {isa = PBXBuildFile; fileRef = 5435786F27061087001893DF /* Assets.xcassets */; };
		5435787327061087001893DF /* LaunchScreen.storyboard in Resources */ = {isa = PBXBuildFile; fileRef = 5435787127061087001893DF /* LaunchScreen.storyboard */; };
		5435787B270612A9001893DF /* UserContentViewController.swift in Sources */ = {isa = PBXBuildFile; fileRef = 5435787A270612A9001893DF /* UserContentViewController.swift */; };
		5435787D27061E43001893DF /* FavoriteClass.swift in Sources */ = {isa = PBXBuildFile; fileRef = 5435787C27061E43001893DF /* FavoriteClass.swift */; };
/* End PBXBuildFile section */

/* Begin PBXFileReference section */
		5435786327061084001893DF /* favorites.app */ = {isa = PBXFileReference; explicitFileType = wrapper.application; includeInIndex = 0; path = favorites.app; sourceTree = BUILT_PRODUCTS_DIR; };
		5435786627061084001893DF /* AppDelegate.swift */ = {isa = PBXFileReference; lastKnownFileType = sourcecode.swift; path = AppDelegate.swift; sourceTree = "<group>"; };
		5435786827061084001893DF /* SceneDelegate.swift */ = {isa = PBXFileReference; lastKnownFileType = sourcecode.swift; path = SceneDelegate.swift; sourceTree = "<group>"; };
		5435786A27061084001893DF /* ViewController.swift */ = {isa = PBXFileReference; lastKnownFileType = sourcecode.swift; path = ViewController.swift; sourceTree = "<group>"; };
		5435786D27061084001893DF /* Base */ = {isa = PBXFileReference; lastKnownFileType = file.storyboard; name = Base; path = Base.lproj/Main.storyboard; sourceTree = "<group>"; };
		5435786F27061087001893DF /* Assets.xcassets */ = {isa = PBXFileReference; lastKnownFileType = folder.assetcatalog; path = Assets.xcassets; sourceTree = "<group>"; };
		5435787227061087001893DF /* Base */ = {isa = PBXFileReference; lastKnownFileType = file.storyboard; name = Base; path = Base.lproj/LaunchScreen.storyboard; sourceTree = "<group>"; };
		5435787427061087001893DF /* Info.plist */ = {isa = PBXFileReference; lastKnownFileType = text.plist.xml; path = Info.plist; sourceTree = "<group>"; };
		5435787A270612A9001893DF /* UserContentViewController.swift */ = {isa = PBXFileReference; lastKnownFileType = sourcecode.swift; path = UserContentViewController.swift; sourceTree = "<group>"; };
		5435787C27061E43001893DF /* FavoriteClass.swift */ = {isa = PBXFileReference; lastKnownFileType = sourcecode.swift; path = FavoriteClass.swift; sourceTree = "<group>"; };
/* End PBXFileReference section */

/* Begin PBXFrameworksBuildPhase section */
		5435786027061084001893DF /* Frameworks */ = {
			isa = PBXFrameworksBuildPhase;
			buildActionMask = 2147483647;
			files = (
			);
			runOnlyForDeploymentPostprocessing = 0;
		};
/* End PBXFrameworksBuildPhase section */

/* Begin PBXGroup section */
		5435785A27061084001893DF = {
			isa = PBXGroup;
			children = (
				5435786527061084001893DF /* favorites */,
				5435786427061084001893DF /* Products */,
			);
			sourceTree = "<group>";
		};
		5435786427061084001893DF /* Products */ = {
			isa = PBXGroup;
			children = (
				5435786327061084001893DF /* favorites.app */,
			);
			name = Products;
			sourceTree = "<group>";
		};
		5435786527061084001893DF /* favorites */ = {
			isa = PBXGroup;
			children = (
				5435786627061084001893DF /* AppDelegate.swift */,
				5435786827061084001893DF /* SceneDelegate.swift */,
				5435786A27061084001893DF /* ViewController.swift */,
				5435786C27061084001893DF /* Main.storyboard */,
				5435787C27061E43001893DF /* FavoriteClass.swift */,
				5435787A270612A9001893DF /* UserContentViewController.swift */,
				5435786F27061087001893DF /* Assets.xcassets */,
				5435787127061087001893DF /* LaunchScreen.storyboard */,
				5435787427061087001893DF /* Info.plist */,
			);
			path = favorites;
			sourceTree = "<group>";
		};
/* End PBXGroup section */

/* Begin PBXNativeTarget section */
		5435786227061084001893DF /* favorites */ = {
			isa = PBXNativeTarget;
			buildConfigurationList = 5435787727061087001893DF /* Build configuration list for PBXNativeTarget "favorites" */;
			buildPhases = (
				5435785F27061084001893DF /* Sources */,
				5435786027061084001893DF /* Frameworks */,
				5435786127061084001893DF /* Resources */,
			);
			buildRules = (
			);
			dependencies = (
			);
			name = favorites;
			productName = favorites;
			productReference = 5435786327061084001893DF /* favorites.app */;
			productType = "com.apple.product-type.application";
		};
/* End PBXNativeTarget section */

/* Begin PBXProject section */
		5435785B27061084001893DF /* Project object */ = {
			isa = PBXProject;
			attributes = {
				LastSwiftUpdateCheck = 1250;
				LastUpgradeCheck = 1250;
				TargetAttributes = {
					5435786227061084001893DF = {
						CreatedOnToolsVersion = 12.5.1;
					};
				};
			};
			buildConfigurationList = 5435785E27061084001893DF /* Build configuration list for PBXProject "favorites" */;
			compatibilityVersion = "Xcode 9.3";
			developmentRegion = en;
			hasScannedForEncodings = 0;
			knownRegions = (
				en,
				Base,
			);
			mainGroup = 5435785A27061084001893DF;
			productRefGroup = 5435786427061084001893DF /* Products */;
			projectDirPath = "";
			projectRoot = "";
			targets = (
				5435786227061084001893DF /* favorites */,
			);
		};
/* End PBXProject section */

/* Begin PBXResourcesBuildPhase section */
		5435786127061084001893DF /* Resources */ = {
			isa = PBXResourcesBuildPhase;
			buildActionMask = 2147483647;
			files = (
				5435787327061087001893DF /* LaunchScreen.storyboard in Resources */,
				5435787027061087001893DF /* Assets.xcassets in Resources */,
				5435786E27061084001893DF /* Main.storyboard in Resources */,
			);
			runOnlyForDeploymentPostprocessing = 0;
		};
/* End PBXResourcesBuildPhase section */

/* Begin PBXSourcesBuildPhase section */
		5435785F27061084001893DF /* Sources */ = {
			isa = PBXSourcesBuildPhase;
			buildActionMask = 2147483647;
			files = (
				5435786B27061084001893DF /* ViewController.swift in Sources */,
				5435786727061084001893DF /* AppDelegate.swift in Sources */,
				5435786927061084001893DF /* SceneDelegate.swift in Sources */,
				5435787B270612A9001893DF /* UserContentViewController.swift in Sources */,
				5435787D27061E43001893DF /* FavoriteClass.swift in Sources */,
			);
			runOnlyForDeploymentPostprocessing = 0;
		};
/* End PBXSourcesBuildPhase section */

/* Begin PBXVariantGroup section */
		5435786C27061084001893DF /* Main.storyboard */ = {
			isa = PBXVariantGroup;
			children = (
				5435786D27061084001893DF /* Base */,
			);
			name = Main.storyboard;
			sourceTree = "<group>";
		};
		5435787127061087001893DF /* LaunchScreen.storyboard */ = {
			isa = PBXVariantGroup;
			children = (
				5435787227061087001893DF /* Base */,
			);
			name = LaunchScreen.storyboard;
			sourceTree = "<group>";
		};
/* End PBXVariantGroup section */

/* Begin XCBuildConfiguration section */
		5435787527061087001893DF /* Debug */ = {
			isa = XCBuildConfiguration;
			buildSettings = {
				ALWAYS_SEARCH_USER_PATHS = NO;
				CLANG_ANALYZER_NONNULL = YES;
				CLANG_ANALYZER_NUMBER_OBJECT_CONVERSION = YES_AGGRESSIVE;
				CLANG_CXX_LANGUAGE_STANDARD = "gnu++14";
				CLANG_CXX_LIBRARY = "libc++";
				CLANG_ENABLE_MODULES = YES;
				CLANG_ENABLE_OBJC_ARC = YES;
				CLANG_ENABLE_OBJC_WEAK = YES;
				CLANG_WARN_BLOCK_CAPTURE_AUTORELEASING = YES;
				CLANG_WARN_BOOL_CONVERSION = YES;
				CLANG_WARN_COMMA = YES;
				CLANG_WARN_CONSTANT_CONVERSION = YES;
				CLANG_WARN_DEPRECATED_OBJC_IMPLEMENTATIONS = YES;
				CLANG_WARN_DIRECT_OBJC_ISA_USAGE = YES_ERROR;
				CLANG_WARN_DOCUMENTATION_COMMENTS = YES;
				CLANG_WARN_EMPTY_BODY = YES;
				CLANG_WARN_ENUM_CONVERSION = YES;
				CLANG_WARN_INFINITE_RECURSION = YES;
				CLANG_WARN_INT_CONVERSION = YES;
				CLANG_WARN_NON_LITERAL_NULL_CONVERSION = YES;
				CLANG_WARN_OBJC_IMPLICIT_RETAIN_SELF = YES;
				CLANG_WARN_OBJC_LITERAL_CONVERSION = YES;
				CLANG_WARN_OBJC_ROOT_CLASS = YES_ERROR;
				CLANG_WARN_QUOTED_INCLUDE_IN_FRAMEWORK_HEADER = YES;
				CLANG_WARN_RANGE_LOOP_ANALYSIS = YES;
				CLANG_WARN_STRICT_PROTOTYPES = YES;
				CLANG_WARN_SUSPICIOUS_MOVE = YES;
				CLANG_WARN_UNGUARDED_AVAILABILITY = YES_AGGRESSIVE;
				CLANG_WARN_UNREACHABLE_CODE = YES;
				CLANG_WARN__DUPLICATE_METHOD_MATCH = YES;
				COPY_PHASE_STRIP = NO;
				DEBUG_INFORMATION_FORMAT = dwarf;
				ENABLE_STRICT_OBJC_MSGSEND = YES;
				ENABLE_TESTABILITY = YES;
				GCC_C_LANGUAGE_STANDARD = gnu11;
				GCC_DYNAMIC_NO_PIC = NO;
				GCC_NO_COMMON_BLOCKS = YES;
				GCC_OPTIMIZATION_LEVEL = 0;
				GCC_PREPROCESSOR_DEFINITIONS = (
					"DEBUG=1",
					"$(inherited)",
				);
				GCC_WARN_64_TO_32_BIT_CONVERSION = YES;
				GCC_WARN_ABOUT_RETURN_TYPE = YES_ERROR;
				GCC_WARN_UNDECLARED_SELECTOR = YES;
				GCC_WARN_UNINITIALIZED_AUTOS = YES_AGGRESSIVE;
				GCC_WARN_UNUSED_FUNCTION = YES;
				GCC_WARN_UNUSED_VARIABLE = YES;
				IPHONEOS_DEPLOYMENT_TARGET = 14.5;
				MTL_ENABLE_DEBUG_INFO = INCLUDE_SOURCE;
				MTL_FAST_MATH = YES;
				ONLY_ACTIVE_ARCH = YES;
				SDKROOT = iphoneos;
				SWIFT_ACTIVE_COMPILATION_CONDITIONS = DEBUG;
				SWIFT_OPTIMIZATION_LEVEL = "-Onone";
			};
			name = Debug;
		};
		5435787627061087001893DF /* Release */ = {
			isa = XCBuildConfiguration;
			buildSettings = {
				ALWAYS_SEARCH_USER_PATHS = NO;
				CLANG_ANALYZER_NONNULL = YES;
				CLANG_ANALYZER_NUMBER_OBJECT_CONVERSION = YES_AGGRESSIVE;
				CLANG_CXX_LANGUAGE_STANDARD = "gnu++14";
				CLANG_CXX_LIBRARY = "libc++";
				CLANG_ENABLE_MODULES = YES;
				CLANG_ENABLE_OBJC_ARC = YES;
				CLANG_ENABLE_OBJC_WEAK = YES;
				CLANG_WARN_BLOCK_CAPTURE_AUTORELEASING = YES;
				CLANG_WARN_BOOL_CONVERSION = YES;
				CLANG_WARN_COMMA = YES;
				CLANG_WARN_CONSTANT_CONVERSION = YES;
				CLANG_WARN_DEPRECATED_OBJC_IMPLEMENTATIONS = YES;
				CLANG_WARN_DIRECT_OBJC_ISA_USAGE = YES_ERROR;
				CLANG_WARN_DOCUMENTATION_COMMENTS = YES;
				CLANG_WARN_EMPTY_BODY = YES;
				CLANG_WARN_ENUM_CONVERSION = YES;
				CLANG_WARN_INFINITE_RECURSION = YES;
				CLANG_WARN_INT_CONVERSION = YES;
				CLANG_WARN_NON_LITERAL_NULL_CONVERSION = YES;
				CLANG_WARN_OBJC_IMPLICIT_RETAIN_SELF = YES;
				CLANG_WARN_OBJC_LITERAL_CONVERSION = YES;
				CLANG_WARN_OBJC_ROOT_CLASS = YES_ERROR;
				CLANG_WARN_QUOTED_INCLUDE_IN_FRAMEWORK_HEADER = YES;
				CLANG_WARN_RANGE_LOOP_ANALYSIS = YES;
				CLANG_WARN_STRICT_PROTOTYPES = YES;
				CLANG_WARN_SUSPICIOUS_MOVE = YES;
				CLANG_WARN_UNGUARDED_AVAILABILITY = YES_AGGRESSIVE;
				CLANG_WARN_UNREACHABLE_CODE = YES;
				CLANG_WARN__DUPLICATE_METHOD_MATCH = YES;
				COPY_PHASE_STRIP = NO;
				DEBUG_INFORMATION_FORMAT = "dwarf-with-dsym";
				ENABLE_NS_ASSERTIONS = NO;
				ENABLE_STRICT_OBJC_MSGSEND = YES;
				GCC_C_LANGUAGE_STANDARD = gnu11;
				GCC_NO_COMMON_BLOCKS = YES;
				GCC_WARN_64_TO_32_BIT_CONVERSION = YES;
				GCC_WARN_ABOUT_RETURN_TYPE = YES_ERROR;
				GCC_WARN_UNDECLARED_SELECTOR = YES;
				GCC_WARN_UNINITIALIZED_AUTOS = YES_AGGRESSIVE;
				GCC_WARN_UNUSED_FUNCTION = YES;
				GCC_WARN_UNUSED_VARIABLE = YES;
				IPHONEOS_DEPLOYMENT_TARGET = 14.5;
				MTL_ENABLE_DEBUG_INFO = NO;
				MTL_FAST_MATH = YES;
				SDKROOT = iphoneos;
				SWIFT_COMPILATION_MODE = wholemodule;
				SWIFT_OPTIMIZATION_LEVEL = "-O";
				VALIDATE_PRODUCT = YES;
			};
			name = Release;
		};
		5435787827061087001893DF /* Debug */ = {
			isa = XCBuildConfiguration;
			buildSettings = {
				ASSETCATALOG_COMPILER_APPICON_NAME = AppIcon;
				ASSETCATALOG_COMPILER_GLOBAL_ACCENT_COLOR_NAME = AccentColor;
				CODE_SIGN_STYLE = Automatic;
				INFOPLIST_FILE = favorites/Info.plist;
				LD_RUNPATH_SEARCH_PATHS = (
					"$(inherited)",
					"@executable_path/Frameworks",
				);
				PRODUCT_BUNDLE_IDENTIFIER = ATLAS.favorites;
				PRODUCT_NAME = "$(TARGET_NAME)";
				SWIFT_VERSION = 5.0;
				TARGETED_DEVICE_FAMILY = "1,2";
			};
			name = Debug;
		};
		5435787927061087001893DF /* Release */ = {
			isa = XCBuildConfiguration;
			buildSettings = {
				ASSETCATALOG_COMPILER_APPICON_NAME = AppIcon;
				ASSETCATALOG_COMPILER_GLOBAL_ACCENT_COLOR_NAME = AccentColor;
				CODE_SIGN_STYLE = Automatic;
				INFOPLIST_FILE = favorites/Info.plist;
				LD_RUNPATH_SEARCH_PATHS = (
					"$(inherited)",
					"@executable_path/Frameworks",
				);
				PRODUCT_BUNDLE_IDENTIFIER = ATLAS.favorites;
				PRODUCT_NAME = "$(TARGET_NAME)";
				SWIFT_VERSION = 5.0;
				TARGETED_DEVICE_FAMILY = "1,2";
			};
			name = Release;
		};
/* End XCBuildConfiguration section */

/* Begin XCConfigurationList section */
		5435785E27061084001893DF /* Build configuration list for PBXProject "favorites" */ = {
			isa = XCConfigurationList;
			buildConfigurations = (
				5435787527061087001893DF /* Debug */,
				5435787627061087001893DF /* Release */,
			);
			defaultConfigurationIsVisible = 0;
			defaultConfigurationName = Release;
		};
		5435787727061087001893DF /* Build configuration list for PBXNativeTarget "favorites" */ = {
			isa = XCConfigurationList;
			buildConfigurations = (
				5435787827061087001893DF /* Debug */,
				5435787927061087001893DF /* Release */,
			);
			defaultConfigurationIsVisible = 0;
			defaultConfigurationName = Release;
		};
/* End XCConfigurationList section */
	};
	rootObject = 5435785B27061084001893DF /* Project object */;
}
